{
  "nodes": {
    "flakeNimbleLib": {
      "inputs": {
        "nixpkgs": [
          "nixpkgs"
        ]
      },
      "locked": {
        "lastModified": 1662018438,
        "narHash": "sha256-QtNtU6+LX3Wokxf0zlFwKTFOcn6TeDjKQZ+DA9OYtvM=",
        "owner": "riinr",
        "repo": "nim-flakes-lib",
        "rev": "b1fe8340736e3a85d25c709ac3dfd82a55c03cbf",
        "type": "github"
      },
      "original": {
        "owner": "riinr",
        "ref": "master",
        "repo": "nim-flakes-lib",
        "type": "github"
      }
    },
    "nimtactoe-master": {
      "inputs": {
        "flakeNimbleLib": [
          "flakeNimbleLib"
        ],
        "nixpkgs": [
          "nixpkgs"
        ],
        "src-NimTacToe-master": "src-NimTacToe-master"
      },
      "locked": {
        "dir": "master",
        "lastModified": 1662254687,
        "narHash": "sha256-CyCSNIUSqNFL9mD1sL589TmFAGLHKCEQQIDalwRSbLc=",
        "owner": "nim-nix-pkgs",
        "repo": "nimtactoe",
        "rev": "5d41f0ec9eba50082e98da6fbc0bc7b4c50940d7",
        "type": "github"
      },
      "original": {
        "dir": "master",
        "owner": "nim-nix-pkgs",
        "ref": "master",
        "repo": "nimtactoe",
        "type": "github"
      }
    },
    "nixpkgs": {
      "locked": {
        "lastModified": 1667110639,
        "narHash": "sha256-4FbPESZ5LbqQxkJJJBAfk/zKgF9h/4kyUwjjpJwYlbc=",
        "owner": "NixOS",
        "repo": "nixpkgs",
        "rev": "f38a1f04d1bec1feb61fd101a0539ae2002a7087",
        "type": "github"
      },
      "original": {
        "id": "nixpkgs",
        "type": "indirect"
      }
    },
    "root": {
      "inputs": {
        "flakeNimbleLib": "flakeNimbleLib",
        "nimtactoe-master": "nimtactoe-master",
        "nixpkgs": "nixpkgs"
      }
    },
    "src-NimTacToe-master": {
      "flake": false,
      "locked": {
        "lastModified": 1580151515,
        "narHash": "sha256-ALAZafaT4c1CTpCdciEuceYkSYwMh630J0a1UL/R2VI=",
        "owner": "JesterOrNot",
        "repo": "Nim-Tac-Toe",
        "rev": "7c2fce2541e2d3aa0782c1cfc9219f0d5b5168c7",
        "type": "github"
      },
      "original": {
        "owner": "JesterOrNot",
        "ref": "refs/heads/master",
        "repo": "Nim-Tac-Toe",
        "type": "github"
      }
    }
  },
  "root": "root",
  "version": 7
}
